
Microsoft Visual Studio Solution File, Format Version 12.00
# Visual Studio Version 16
VisualStudioVersion = 16.0.31005.135
MinimumVisualStudioVersion = 10.0.40219.1
Project("{FAE04EC0-301F-11D3-BF4B-00C04F79EFBC}") = "App1.Android", "App1\App1.Android\App1.Android.csproj", "{B472D217-DDB5-4DD3-8C65-37452C7A0DD2}"
EndProject
Project("{9A19103F-16F7-4668-BE54-9A1E7A4F7556}") = "App1", "App1\App1\App1.csproj", "{3EED59BB-610A-4AF7-835B-553F938A8DEF}"
EndProject
Project("{2150E333-8FDC-42A3-9474-1A3956D46DE8}") = "Solution Items", "Solution Items", "{0A866110-64F7-4C07-A585-1133BB7DBE0B}"
	ProjectSection(SolutionItems) = preProject
		Photo logo.jpg = Photo logo.jpg
	EndProjectSection
EndProject
Global
	GlobalSection(SolutionConfigurationPlatforms) = preSolution
		Debug|Any CPU = Debug|Any CPU
		Release|Any CPU = Release|Any CPU
	EndGlobalSection
	GlobalSection(ProjectConfigurationPlatforms) = postSolution
		{B472D217-DDB5-4DD3-8C65-37452C7A0DD2}.Debug|Any CPU.ActiveCfg = Debug|Any CPU
		{B472D217-DDB5-4DD3-8C65-37452C7A0DD2}.Debug|Any CPU.Build.0 = Debug|Any CPU
		{B472D217-DDB5-4DD3-8C65-37452C7A0DD2}.Debug|Any CPU.Deploy.0 = Debug|Any CPU
		{B472D217-DDB5-4DD3-8C65-37452C7A0DD2}.Release|Any CPU.ActiveCfg = Release|Any CPU
		{B472D217-DDB5-4DD3-8C65-37452C7A0DD2}.Release|Any CPU.Build.0 = Release|Any CPU
		{B472D217-DDB5-4DD3-8C65-37452C7A0DD2}.Release|Any CPU.Deploy.0 = Release|Any CPU
		{3EED59BB-610A-4AF7-835B-553F938A8DEF}.Debug|Any CPU.ActiveCfg = Debug|Any CPU
		{3EED59BB-610A-4AF7-835B-553F938A8DEF}.Debug|Any CPU.Build.0 = Debug|Any CPU
		{3EED59BB-610A-4AF7-835B-553F938A8DEF}.Debug|Any CPU.Deploy.0 = Debug|Any CPU
		{3EED59BB-610A-4AF7-835B-553F938A8DEF}.Release|Any CPU.ActiveCfg = Release|Any CPU
		{3EED59BB-610A-4AF7-835B-553F938A8DEF}.Release|Any CPU.Build.0 = Release|Any CPU
		{3EED59BB-610A-4AF7-835B-553F938A8DEF}.Release|Any CPU.Deploy.0 = Release|Any CPU
	EndGlobalSection
	GlobalSection(SolutionProperties) = preSolution
		HideSolutionNode = FALSE
	EndGlobalSection
	GlobalSection(ExtensibilityGlobals) = postSolution
		SolutionGuid = {06C9A06A-F407-4A1D-9EE9-8832CF4F4376}
	EndGlobalSection
EndGlobal
